{
  "requires": true,
  "lockfileVersion": 1,
  "dependencies": {
    "fast-deep-equal": {
      "version": "2.0.1",
      "resolved": "https://registry.npmjs.org/fast-deep-equal/-/fast-deep-equal-2.0.1.tgz",
      "integrity": "sha1-ewUhjd+WZ79/Nwv3/bLLFf3Qqkk="
    },
    "swr": {
      "version": "0.1.13",
      "resolved": "https://registry.npmjs.org/swr/-/swr-0.1.13.tgz",
      "integrity": "sha512-5MjXCs1hWwkyPBCQ84Hcq0vlijj19I1R64Ma0q/xeF1MN0AZB+Kj5HUrIyVSDDUubvtq0KuaewVlhcytEHiqGw==",
      "requires": {
        "fast-deep-equal": "2.0.1"
      }
    }
  }
}
